
Microsoft Visual Studio Solution File, Format Version 12.00
# Visual Studio Version 17
VisualStudioVersion = 17.5.33414.496
MinimumVisualStudioVersion = 10.0.40219.1
Project("{FAE04EC0-301F-11D3-BF4B-00C04F79EFBC}") = "SERVICIO_ATT_VALIDACION_CUENTAS", "SERVICIO_ATT_VALIDACION_CUENTAS\SERVICIO_ATT_VALIDACION_CUENTAS.csproj", "{5F2FAC46-EA12-4964-A2B7-E33BE88AB8F7}"
EndProject
Global
	GlobalSection(SolutionConfigurationPlatforms) = preSolution
		Debug|Any CPU = Debug|Any CPU
		Release|Any CPU = Release|Any CPU
	EndGlobalSection
	GlobalSection(ProjectConfigurationPlatforms) = postSolution
		{5F2FAC46-EA12-4964-A2B7-E33BE88AB8F7}.Debug|Any CPU.ActiveCfg = Debug|Any CPU
		{5F2FAC46-EA12-4964-A2B7-E33BE88AB8F7}.Debug|Any CPU.Build.0 = Debug|Any CPU
		{5F2FAC46-EA12-4964-A2B7-E33BE88AB8F7}.Release|Any CPU.ActiveCfg = Release|Any CPU
		{5F2FAC46-EA12-4964-A2B7-E33BE88AB8F7}.Release|Any CPU.Build.0 = Release|Any CPU
	EndGlobalSection
	GlobalSection(SolutionProperties) = preSolution
		HideSolutionNode = FALSE
	EndGlobalSection
	GlobalSection(ExtensibilityGlobals) = postSolution
		SolutionGuid = {2B9716C7-97E1-4B6F-A21C-8845DE6AEC09}
	EndGlobalSection
EndGlobal
